// !$*UTF8*$!
{
	archiveVersion = 1;
	classes = {
	};
	objectVersion = 56;
	objects = {

/* Begin PBXBuildFile section */
		8E36A8B55062D3238A74063B /* Pods_appiot_appiotUITests.framework in Frameworks */ = {isa = PBXBuildFile; fileRef = F110C31EB98C931C5089AE17 /* Pods_appiot_appiotUITests.framework */; };
		C63306AD292B45B10057DA83 /* APUdpSocket.m in Sources */ = {isa = PBXBuildFile; fileRef = C63306AC292B45B10057DA83 /* APUdpSocket.m */; };
		C63306B1292DC52E0057DA83 /* APMonitorView.m in Sources */ = {isa = PBXBuildFile; fileRef = C63306B0292DC52E0057DA83 /* APMonitorView.m */; };
		C63306B4292DCF050057DA83 /* APMonitorCell.m in Sources */ = {isa = PBXBuildFile; fileRef = C63306B3292DCF050057DA83 /* APMonitorCell.m */; };
		C63306BB292DE85B0057DA83 /* APMonitorModel.m in Sources */ = {isa = PBXBuildFile; fileRef = C63306BA292DE85B0057DA83 /* APMonitorModel.m */; };
		C63306BE292DE8D80057DA83 /* APTool.m in Sources */ = {isa = PBXBuildFile; fileRef = C63306BD292DE8D80057DA83 /* APTool.m */; };
		C63306C8293059DF0057DA83 /* APDatabaseTool.m in Sources */ = {isa = PBXBuildFile; fileRef = C63306C7293059DF0057DA83 /* APDatabaseTool.m */; };
		C63306CF2935A88B0057DA83 /* APTcpSocket.m in Sources */ = {isa = PBXBuildFile; fileRef = C63306CE2935A88B0057DA83 /* APTcpSocket.m */; };
		C63C822F2923370300DBB3F6 /* APLeftPageButton.m in Sources */ = {isa = PBXBuildFile; fileRef = C63C822E2923370300DBB3F6 /* APLeftPageButton.m */; };
		C63C8233292367AE00DBB3F6 /* APComandButton.m in Sources */ = {isa = PBXBuildFile; fileRef = C63C8232292367AE00DBB3F6 /* APComandButton.m */; };
		C63C823629238B7400DBB3F6 /* APMonitorItem.m in Sources */ = {isa = PBXBuildFile; fileRef = C63C823529238B7400DBB3F6 /* APMonitorItem.m */; };
		C63C82392924B48400DBB3F6 /* APGroupView.m in Sources */ = {isa = PBXBuildFile; fileRef = C63C82382924B48400DBB3F6 /* APGroupView.m */; };
		C63C82402924EC5100DBB3F6 /* APBottomButton.m in Sources */ = {isa = PBXBuildFile; fileRef = C63C823F2924EC5100DBB3F6 /* APBottomButton.m */; };
		C63C82432925DAF100DBB3F6 /* APGroupNote.m in Sources */ = {isa = PBXBuildFile; fileRef = C63C82422925DAF100DBB3F6 /* APGroupNote.m */; };
		C63C82462925DD1200DBB3F6 /* APGroupTableView.m in Sources */ = {isa = PBXBuildFile; fileRef = C63C82452925DD1200DBB3F6 /* APGroupTableView.m */; };
		C63C82492925FF5500DBB3F6 /* APGroupCell.m in Sources */ = {isa = PBXBuildFile; fileRef = C63C82482925FF5500DBB3F6 /* APGroupCell.m */; };
		C6C52849291B7DCF003F24C1 /* AppDelegate.m in Sources */ = {isa = PBXBuildFile; fileRef = C6C52848291B7DCF003F24C1 /* AppDelegate.m */; };
		C6C52855291B7DCF003F24C1 /* appiot.xcdatamodeld in Sources */ = {isa = PBXBuildFile; fileRef = C6C52853291B7DCF003F24C1 /* appiot.xcdatamodeld */; };
		C6C52857291B7DD1003F24C1 /* Assets.xcassets in Resources */ = {isa = PBXBuildFile; fileRef = C6C52856291B7DD1003F24C1 /* Assets.xcassets */; };
		C6C5285A291B7DD1003F24C1 /* LaunchScreen.storyboard in Resources */ = {isa = PBXBuildFile; fileRef = C6C52858291B7DD1003F24C1 /* LaunchScreen.storyboard */; };
		C6C5285D291B7DD1003F24C1 /* main.m in Sources */ = {isa = PBXBuildFile; fileRef = C6C5285C291B7DD1003F24C1 /* main.m */; };
		C6C52867291B7DD1003F24C1 /* appiotTests.m in Sources */ = {isa = PBXBuildFile; fileRef = C6C52866291B7DD1003F24C1 /* appiotTests.m */; };
		C6C52871291B7DD1003F24C1 /* appiotUITests.m in Sources */ = {isa = PBXBuildFile; fileRef = C6C52870291B7DD1003F24C1 /* appiotUITests.m */; };
		C6C52873291B7DD1003F24C1 /* appiotUITestsLaunchTests.m in Sources */ = {isa = PBXBuildFile; fileRef = C6C52872291B7DD1003F24C1 /* appiotUITestsLaunchTests.m */; };
		C6C5288B291CFC05003F24C1 /* APBaseViewController.m in Sources */ = {isa = PBXBuildFile; fileRef = C6C5288A291CFC05003F24C1 /* APBaseViewController.m */; };
		C6CA8BAF29220C6E00F5AAC2 /* APLeftView.m in Sources */ = {isa = PBXBuildFile; fileRef = C6CA8BAE29220C6E00F5AAC2 /* APLeftView.m */; };
		C6CA8BB329220E1A00F5AAC2 /* APViewController.m in Sources */ = {isa = PBXBuildFile; fileRef = C6CA8BB229220E1A00F5AAC2 /* APViewController.m */; };
		C6CA8BBA29222F8700F5AAC2 /* APCenterView.m in Sources */ = {isa = PBXBuildFile; fileRef = C6CA8BB929222F8700F5AAC2 /* APCenterView.m */; };
		C6CA8BBD292233B700F5AAC2 /* APBaseView.m in Sources */ = {isa = PBXBuildFile; fileRef = C6CA8BBC292233B700F5AAC2 /* APBaseView.m */; };
		C6CA8BC02922345800F5AAC2 /* APCommandView.m in Sources */ = {isa = PBXBuildFile; fileRef = C6CA8BBF2922345800F5AAC2 /* APCommandView.m */; };
		C6D010D9293D855E003674C9 /* APNewDeviceView.m in Sources */ = {isa = PBXBuildFile; fileRef = C6D010D8293D855E003674C9 /* APNewDeviceView.m */; };
		C6D010DB293DC9CE003674C9 /* remote.db in Resources */ = {isa = PBXBuildFile; fileRef = C6D010DA293DC9CE003674C9 /* remote.db */; };
		C6D010DE293DCB61003674C9 /* APDevModel.m in Sources */ = {isa = PBXBuildFile; fileRef = C6D010DD293DCB61003674C9 /* APDevModel.m */; };
		CDAF7A201535A7BF8524ABBD /* Pods_appiot.framework in Frameworks */ = {isa = PBXBuildFile; fileRef = BB3765024A92663D80DC1163 /* Pods_appiot.framework */; };
		E1FE5C87F1B352B5DF206E02 /* Pods_appiotTests.framework in Frameworks */ = {isa = PBXBuildFile; fileRef = 87EB77647DEFF331311B61D6 /* Pods_appiotTests.framework */; };
/* End PBXBuildFile section */

/* Begin PBXContainerItemProxy section */
		C6C52863291B7DD1003F24C1 /* PBXContainerItemProxy */ = {
			isa = PBXContainerItemProxy;
			containerPortal = C6C5283C291B7DCF003F24C1 /* Project object */;
			proxyType = 1;
			remoteGlobalIDString = C6C52843291B7DCF003F24C1;
			remoteInfo = appiot;
		};
		C6C5286D291B7DD1003F24C1 /* PBXContainerItemProxy */ = {
			isa = PBXContainerItemProxy;
			containerPortal = C6C5283C291B7DCF003F24C1 /* Project object */;
			proxyType = 1;
			remoteGlobalIDString = C6C52843291B7DCF003F24C1;
			remoteInfo = appiot;
		};
/* End PBXContainerItemProxy section */

/* Begin PBXFileReference section */
		490F13F332A00CD28CB11931 /* Pods-appiotTests.debug.xcconfig */ = {isa = PBXFileReference; includeInIndex = 1; lastKnownFileType = text.xcconfig; name = "Pods-appiotTests.debug.xcconfig"; path = "Target Support Files/Pods-appiotTests/Pods-appiotTests.debug.xcconfig"; sourceTree = "<group>"; };
		4BBEC22955F1229C6E95007C /* Pods-appiot-appiotUITests.debug.xcconfig */ = {isa = PBXFileReference; includeInIndex = 1; lastKnownFileType = text.xcconfig; name = "Pods-appiot-appiotUITests.debug.xcconfig"; path = "Target Support Files/Pods-appiot-appiotUITests/Pods-appiot-appiotUITests.debug.xcconfig"; sourceTree = "<group>"; };
		4EE84CFA315114FB0FFF6FC6 /* Pods-appiot.debug.xcconfig */ = {isa = PBXFileReference; includeInIndex = 1; lastKnownFileType = text.xcconfig; name = "Pods-appiot.debug.xcconfig"; path = "Target Support Files/Pods-appiot/Pods-appiot.debug.xcconfig"; sourceTree = "<group>"; };
		5CF051B17076407F0B791D39 /* Pods-appiot.release.xcconfig */ = {isa = PBXFileReference; includeInIndex = 1; lastKnownFileType = text.xcconfig; name = "Pods-appiot.release.xcconfig"; path = "Target Support Files/Pods-appiot/Pods-appiot.release.xcconfig"; sourceTree = "<group>"; };
		644B49A8FE44A693FA09879F /* Pods-appiotTests.release.xcconfig */ = {isa = PBXFileReference; includeInIndex = 1; lastKnownFileType = text.xcconfig; name = "Pods-appiotTests.release.xcconfig"; path = "Target Support Files/Pods-appiotTests/Pods-appiotTests.release.xcconfig"; sourceTree = "<group>"; };
		87EB77647DEFF331311B61D6 /* Pods_appiotTests.framework */ = {isa = PBXFileReference; explicitFileType = wrapper.framework; includeInIndex = 0; path = Pods_appiotTests.framework; sourceTree = BUILT_PRODUCTS_DIR; };
		9D0090A53439C57A65DEA501 /* Pods-appiot-appiotUITests.release.xcconfig */ = {isa = PBXFileReference; includeInIndex = 1; lastKnownFileType = text.xcconfig; name = "Pods-appiot-appiotUITests.release.xcconfig"; path = "Target Support Files/Pods-appiot-appiotUITests/Pods-appiot-appiotUITests.release.xcconfig"; sourceTree = "<group>"; };
		BB3765024A92663D80DC1163 /* Pods_appiot.framework */ = {isa = PBXFileReference; explicitFileType = wrapper.framework; includeInIndex = 0; path = Pods_appiot.framework; sourceTree = BUILT_PRODUCTS_DIR; };
		C63306AB292B45B10057DA83 /* APUdpSocket.h */ = {isa = PBXFileReference; lastKnownFileType = sourcecode.c.h; path = APUdpSocket.h; sourceTree = "<group>"; };
		C63306AC292B45B10057DA83 /* APUdpSocket.m */ = {isa = PBXFileReference; lastKnownFileType = sourcecode.c.objc; path = APUdpSocket.m; sourceTree = "<group>"; };
		C63306AF292DC52E0057DA83 /* APMonitorView.h */ = {isa = PBXFileReference; lastKnownFileType = sourcecode.c.h; path = APMonitorView.h; sourceTree = "<group>"; };
		C63306B0292DC52E0057DA83 /* APMonitorView.m */ = {isa = PBXFileReference; lastKnownFileType = sourcecode.c.objc; path = APMonitorView.m; sourceTree = "<group>"; };
		C63306B2292DCF050057DA83 /* APMonitorCell.h */ = {isa = PBXFileReference; lastKnownFileType = sourcecode.c.h; path = APMonitorCell.h; sourceTree = "<group>"; };
		C63306B3292DCF050057DA83 /* APMonitorCell.m */ = {isa = PBXFileReference; lastKnownFileType = sourcecode.c.objc; path = APMonitorCell.m; sourceTree = "<group>"; };
		C63306B9292DE85B0057DA83 /* APMonitorModel.h */ = {isa = PBXFileReference; lastKnownFileType = sourcecode.c.h; path = APMonitorModel.h; sourceTree = "<group>"; };
		C63306BA292DE85B0057DA83 /* APMonitorModel.m */ = {isa = PBXFileReference; lastKnownFileType = sourcecode.c.objc; path = APMonitorModel.m; sourceTree = "<group>"; };
		C63306BC292DE8D80057DA83 /* APTool.h */ = {isa = PBXFileReference; lastKnownFileType = sourcecode.c.h; path = APTool.h; sourceTree = "<group>"; };
		C63306BD292DE8D80057DA83 /* APTool.m */ = {isa = PBXFileReference; lastKnownFileType = sourcecode.c.objc; path = APTool.m; sourceTree = "<group>"; };
		C63306C6293059DF0057DA83 /* APDatabaseTool.h */ = {isa = PBXFileReference; lastKnownFileType = sourcecode.c.h; path = APDatabaseTool.h; sourceTree = "<group>"; };
		C63306C7293059DF0057DA83 /* APDatabaseTool.m */ = {isa = PBXFileReference; lastKnownFileType = sourcecode.c.objc; path = APDatabaseTool.m; sourceTree = "<group>"; };
		C63306CD2935A88B0057DA83 /* APTcpSocket.h */ = {isa = PBXFileReference; lastKnownFileType = sourcecode.c.h; path = APTcpSocket.h; sourceTree = "<group>"; };
		C63306CE2935A88B0057DA83 /* APTcpSocket.m */ = {isa = PBXFileReference; lastKnownFileType = sourcecode.c.objc; path = APTcpSocket.m; sourceTree = "<group>"; };
		C63C822D2923370300DBB3F6 /* APLeftPageButton.h */ = {isa = PBXFileReference; lastKnownFileType = sourcecode.c.h; path = APLeftPageButton.h; sourceTree = "<group>"; };
		C63C822E2923370300DBB3F6 /* APLeftPageButton.m */ = {isa = PBXFileReference; lastKnownFileType = sourcecode.c.objc; path = APLeftPageButton.m; sourceTree = "<group>"; };
		C63C8231292367AE00DBB3F6 /* APComandButton.h */ = {isa = PBXFileReference; lastKnownFileType = sourcecode.c.h; path = APComandButton.h; sourceTree = "<group>"; };
		C63C8232292367AE00DBB3F6 /* APComandButton.m */ = {isa = PBXFileReference; lastKnownFileType = sourcecode.c.objc; path = APComandButton.m; sourceTree = "<group>"; };
		C63C823429238B7400DBB3F6 /* APMonitorItem.h */ = {isa = PBXFileReference; lastKnownFileType = sourcecode.c.h; path = APMonitorItem.h; sourceTree = "<group>"; };
		C63C823529238B7400DBB3F6 /* APMonitorItem.m */ = {isa = PBXFileReference; lastKnownFileType = sourcecode.c.objc; path = APMonitorItem.m; sourceTree = "<group>"; };
		C63C82372924B48400DBB3F6 /* APGroupView.h */ = {isa = PBXFileReference; lastKnownFileType = sourcecode.c.h; path = APGroupView.h; sourceTree = "<group>"; };
		C63C82382924B48400DBB3F6 /* APGroupView.m */ = {isa = PBXFileReference; lastKnownFileType = sourcecode.c.objc; path = APGroupView.m; sourceTree = "<group>"; };
		C63C823E2924EC5100DBB3F6 /* APBottomButton.h */ = {isa = PBXFileReference; lastKnownFileType = sourcecode.c.h; path = APBottomButton.h; sourceTree = "<group>"; };
		C63C823F2924EC5100DBB3F6 /* APBottomButton.m */ = {isa = PBXFileReference; lastKnownFileType = sourcecode.c.objc; path = APBottomButton.m; sourceTree = "<group>"; };
		C63C82412925DAF100DBB3F6 /* APGroupNote.h */ = {isa = PBXFileReference; lastKnownFileType = sourcecode.c.h; path = APGroupNote.h; sourceTree = "<group>"; };
		C63C82422925DAF100DBB3F6 /* APGroupNote.m */ = {isa = PBXFileReference; lastKnownFileType = sourcecode.c.objc; path = APGroupNote.m; sourceTree = "<group>"; };
		C63C82442925DD1200DBB3F6 /* APGroupTableView.h */ = {isa = PBXFileReference; lastKnownFileType = sourcecode.c.h; path = APGroupTableView.h; sourceTree = "<group>"; };
		C63C82452925DD1200DBB3F6 /* APGroupTableView.m */ = {isa = PBXFileReference; lastKnownFileType = sourcecode.c.objc; path = APGroupTableView.m; sourceTree = "<group>"; };
		C63C82472925FF5500DBB3F6 /* APGroupCell.h */ = {isa = PBXFileReference; lastKnownFileType = sourcecode.c.h; path = APGroupCell.h; sourceTree = "<group>"; };
		C63C82482925FF5500DBB3F6 /* APGroupCell.m */ = {isa = PBXFileReference; lastKnownFileType = sourcecode.c.objc; path = APGroupCell.m; sourceTree = "<group>"; };
		C6C52844291B7DCF003F24C1 /* appiot.app */ = {isa = PBXFileReference; explicitFileType = wrapper.application; includeInIndex = 0; path = appiot.app; sourceTree = BUILT_PRODUCTS_DIR; };
		C6C52847291B7DCF003F24C1 /* AppDelegate.h */ = {isa = PBXFileReference; lastKnownFileType = sourcecode.c.h; path = AppDelegate.h; sourceTree = "<group>"; };
		C6C52848291B7DCF003F24C1 /* AppDelegate.m */ = {isa = PBXFileReference; lastKnownFileType = sourcecode.c.objc; path = AppDelegate.m; sourceTree = "<group>"; };
		C6C52854291B7DCF003F24C1 /* appiot.xcdatamodel */ = {isa = PBXFileReference; lastKnownFileType = wrapper.xcdatamodel; path = appiot.xcdatamodel; sourceTree = "<group>"; };
		C6C52856291B7DD1003F24C1 /* Assets.xcassets */ = {isa = PBXFileReference; lastKnownFileType = folder.assetcatalog; path = Assets.xcassets; sourceTree = "<group>"; };
		C6C52859291B7DD1003F24C1 /* Base */ = {isa = PBXFileReference; lastKnownFileType = file.storyboard; name = Base; path = Base.lproj/LaunchScreen.storyboard; sourceTree = "<group>"; };
		C6C5285B291B7DD1003F24C1 /* Info.plist */ = {isa = PBXFileReference; lastKnownFileType = text.plist.xml; path = Info.plist; sourceTree = "<group>"; };
		C6C5285C291B7DD1003F24C1 /* main.m */ = {isa = PBXFileReference; lastKnownFileType = sourcecode.c.objc; path = main.m; sourceTree = "<group>"; };
		C6C52862291B7DD1003F24C1 /* appiotTests.xctest */ = {isa = PBXFileReference; explicitFileType = wrapper.cfbundle; includeInIndex = 0; path = appiotTests.xctest; sourceTree = BUILT_PRODUCTS_DIR; };
		C6C52866291B7DD1003F24C1 /* appiotTests.m */ = {isa = PBXFileReference; lastKnownFileType = sourcecode.c.objc; path = appiotTests.m; sourceTree = "<group>"; };
		C6C5286C291B7DD1003F24C1 /* appiotUITests.xctest */ = {isa = PBXFileReference; explicitFileType = wrapper.cfbundle; includeInIndex = 0; path = appiotUITests.xctest; sourceTree = BUILT_PRODUCTS_DIR; };
		C6C52870291B7DD1003F24C1 /* appiotUITests.m */ = {isa = PBXFileReference; lastKnownFileType = sourcecode.c.objc; path = appiotUITests.m; sourceTree = "<group>"; };
		C6C52872291B7DD1003F24C1 /* appiotUITestsLaunchTests.m */ = {isa = PBXFileReference; lastKnownFileType = sourcecode.c.objc; path = appiotUITestsLaunchTests.m; sourceTree = "<group>"; };
		C6C52889291CFC05003F24C1 /* APBaseViewController.h */ = {isa = PBXFileReference; lastKnownFileType = sourcecode.c.h; path = APBaseViewController.h; sourceTree = "<group>"; };
		C6C5288A291CFC05003F24C1 /* APBaseViewController.m */ = {isa = PBXFileReference; lastKnownFileType = sourcecode.c.objc; path = APBaseViewController.m; sourceTree = "<group>"; };
		C6C5288C291CFC92003F24C1 /* config.h */ = {isa = PBXFileReference; lastKnownFileType = sourcecode.c.h; path = config.h; sourceTree = "<group>"; };
		C6CA8BAD29220C6E00F5AAC2 /* APLeftView.h */ = {isa = PBXFileReference; lastKnownFileType = sourcecode.c.h; path = APLeftView.h; sourceTree = "<group>"; };
		C6CA8BAE29220C6E00F5AAC2 /* APLeftView.m */ = {isa = PBXFileReference; lastKnownFileType = sourcecode.c.objc; path = APLeftView.m; sourceTree = "<group>"; };
		C6CA8BB129220E1A00F5AAC2 /* APViewController.h */ = {isa = PBXFileReference; lastKnownFileType = sourcecode.c.h; path = APViewController.h; sourceTree = "<group>"; };
		C6CA8BB229220E1A00F5AAC2 /* APViewController.m */ = {isa = PBXFileReference; lastKnownFileType = sourcecode.c.objc; path = APViewController.m; sourceTree = "<group>"; };
		C6CA8BB829222F8700F5AAC2 /* APCenterView.h */ = {isa = PBXFileReference; lastKnownFileType = sourcecode.c.h; path = APCenterView.h; sourceTree = "<group>"; };
		C6CA8BB929222F8700F5AAC2 /* APCenterView.m */ = {isa = PBXFileReference; lastKnownFileType = sourcecode.c.objc; path = APCenterView.m; sourceTree = "<group>"; };
		C6CA8BBB292233B700F5AAC2 /* APBaseView.h */ = {isa = PBXFileReference; lastKnownFileType = sourcecode.c.h; path = APBaseView.h; sourceTree = "<group>"; };
		C6CA8BBC292233B700F5AAC2 /* APBaseView.m */ = {isa = PBXFileReference; lastKnownFileType = sourcecode.c.objc; path = APBaseView.m; sourceTree = "<group>"; };
		C6CA8BBE2922345800F5AAC2 /* APCommandView.h */ = {isa = PBXFileReference; lastKnownFileType = sourcecode.c.h; path = APCommandView.h; sourceTree = "<group>"; };
		C6CA8BBF2922345800F5AAC2 /* APCommandView.m */ = {isa = PBXFileReference; lastKnownFileType = sourcecode.c.objc; path = APCommandView.m; sourceTree = "<group>"; };
		C6D010D7293D855E003674C9 /* APNewDeviceView.h */ = {isa = PBXFileReference; lastKnownFileType = sourcecode.c.h; path = APNewDeviceView.h; sourceTree = "<group>"; };
		C6D010D8293D855E003674C9 /* APNewDeviceView.m */ = {isa = PBXFileReference; lastKnownFileType = sourcecode.c.objc; path = APNewDeviceView.m; sourceTree = "<group>"; };
		C6D010DA293DC9CE003674C9 /* remote.db */ = {isa = PBXFileReference; lastKnownFileType = file; path = remote.db; sourceTree = "<group>"; };
		C6D010DC293DCB61003674C9 /* APDevModel.h */ = {isa = PBXFileReference; lastKnownFileType = sourcecode.c.h; path = APDevModel.h; sourceTree = "<group>"; };
		C6D010DD293DCB61003674C9 /* APDevModel.m */ = {isa = PBXFileReference; lastKnownFileType = sourcecode.c.objc; path = APDevModel.m; sourceTree = "<group>"; };
		F110C31EB98C931C5089AE17 /* Pods_appiot_appiotUITests.framework */ = {isa = PBXFileReference; explicitFileType = wrapper.framework; includeInIndex = 0; path = Pods_appiot_appiotUITests.framework; sourceTree = BUILT_PRODUCTS_DIR; };
/* End PBXFileReference section */

/* Begin PBXFrameworksBuildPhase section */
		C6C52841291B7DCF003F24C1 /* Frameworks */ = {
			isa = PBXFrameworksBuildPhase;
			buildActionMask = 2147483647;
			files = (
				CDAF7A201535A7BF8524ABBD /* Pods_appiot.framework in Frameworks */,
			);
			runOnlyForDeploymentPostprocessing = 0;
		};
		C6C5285F291B7DD1003F24C1 /* Frameworks */ = {
			isa = PBXFrameworksBuildPhase;
			buildActionMask = 2147483647;
			files = (
				E1FE5C87F1B352B5DF206E02 /* Pods_appiotTests.framework in Frameworks */,
			);
			runOnlyForDeploymentPostprocessing = 0;
		};
		C6C52869291B7DD1003F24C1 /* Frameworks */ = {
			isa = PBXFrameworksBuildPhase;
			buildActionMask = 2147483647;
			files = (
				8E36A8B55062D3238A74063B /* Pods_appiot_appiotUITests.framework in Frameworks */,
			);
			runOnlyForDeploymentPostprocessing = 0;
		};
/* End PBXFrameworksBuildPhase section */

/* Begin PBXGroup section */
		43918D3F49B10AA5DDF5D82F /* Pods */ = {
			isa = PBXGroup;
			children = (
				4EE84CFA315114FB0FFF6FC6 /* Pods-appiot.debug.xcconfig */,
				5CF051B17076407F0B791D39 /* Pods-appiot.release.xcconfig */,
				4BBEC22955F1229C6E95007C /* Pods-appiot-appiotUITests.debug.xcconfig */,
				9D0090A53439C57A65DEA501 /* Pods-appiot-appiotUITests.release.xcconfig */,
				490F13F332A00CD28CB11931 /* Pods-appiotTests.debug.xcconfig */,
				644B49A8FE44A693FA09879F /* Pods-appiotTests.release.xcconfig */,
			);
			path = Pods;
			sourceTree = "<group>";
		};
		6406A36897F9F6820E118DDA /* Frameworks */ = {
			isa = PBXGroup;
			children = (
				BB3765024A92663D80DC1163 /* Pods_appiot.framework */,
				F110C31EB98C931C5089AE17 /* Pods_appiot_appiotUITests.framework */,
				87EB77647DEFF331311B61D6 /* Pods_appiotTests.framework */,
			);
			name = Frameworks;
			sourceTree = "<group>";
		};
		C63306AA292B25230057DA83 /* netWork */ = {
			isa = PBXGroup;
			children = (
				C63306AB292B45B10057DA83 /* APUdpSocket.h */,
				C63306AC292B45B10057DA83 /* APUdpSocket.m */,
				C63306CD2935A88B0057DA83 /* APTcpSocket.h */,
				C63306CE2935A88B0057DA83 /* APTcpSocket.m */,
			);
			name = netWork;
			sourceTree = "<group>";
		};
		C63306AE292DC4D20057DA83 /* monitorView */ = {
			isa = PBXGroup;
			children = (
				C63306AF292DC52E0057DA83 /* APMonitorView.h */,
				C63306B0292DC52E0057DA83 /* APMonitorView.m */,
				C63306B2292DCF050057DA83 /* APMonitorCell.h */,
				C63306B3292DCF050057DA83 /* APMonitorCell.m */,
				C63306B9292DE85B0057DA83 /* APMonitorModel.h */,
				C63306BA292DE85B0057DA83 /* APMonitorModel.m */,
			);
			name = monitorView;
			sourceTree = "<group>";
		};
		C63C82302923675D00DBB3F6 /* comandView */ = {
			isa = PBXGroup;
			children = (
				C6CA8BBE2922345800F5AAC2 /* APCommandView.h */,
				C6CA8BBF2922345800F5AAC2 /* APCommandView.m */,
				C63C8231292367AE00DBB3F6 /* APComandButton.h */,
				C63C8232292367AE00DBB3F6 /* APComandButton.m */,
				C63C823429238B7400DBB3F6 /* APMonitorItem.h */,
				C63C823529238B7400DBB3F6 /* APMonitorItem.m */,
			);
			name = comandView;
			sourceTree = "<group>";
		};
		C63C823A2924D04C00DBB3F6 /* tool */ = {
			isa = PBXGroup;
			children = (
				C63306BC292DE8D80057DA83 /* APTool.h */,
				C63306BD292DE8D80057DA83 /* APTool.m */,
				C63306C6293059DF0057DA83 /* APDatabaseTool.h */,
				C63306C7293059DF0057DA83 /* APDatabaseTool.m */,
			);
			name = tool;
			sourceTree = "<group>";
		};
		C6C5283B291B7DCF003F24C1 = {
			isa = PBXGroup;
			children = (
				C6C52846291B7DCF003F24C1 /* appiot */,
				C6C52865291B7DD1003F24C1 /* appiotTests */,
				C6C5286F291B7DD1003F24C1 /* appiotUITests */,
				C6C52845291B7DCF003F24C1 /* Products */,
				43918D3F49B10AA5DDF5D82F /* Pods */,
				6406A36897F9F6820E118DDA /* Frameworks */,
			);
			sourceTree = "<group>";
		};
		C6C52845291B7DCF003F24C1 /* Products */ = {
			isa = PBXGroup;
			children = (
				C6C52844291B7DCF003F24C1 /* appiot.app */,
				C6C52862291B7DD1003F24C1 /* appiotTests.xctest */,
				C6C5286C291B7DD1003F24C1 /* appiotUITests.xctest */,
			);
			name = Products;
			sourceTree = "<group>";
		};
		C6C52846291B7DCF003F24C1 /* appiot */ = {
			isa = PBXGroup;
			children = (
				C6CA8BA3291E32CF00F5AAC2 /* centerDisplay */,
				C6C5287F291CF1C9003F24C1 /* leftSide */,
				C63306AA292B25230057DA83 /* netWork */,
				C63C823A2924D04C00DBB3F6 /* tool */,
				C6C52847291B7DCF003F24C1 /* AppDelegate.h */,
				C6C52848291B7DCF003F24C1 /* AppDelegate.m */,
				C6CA8BB129220E1A00F5AAC2 /* APViewController.h */,
				C6CA8BB229220E1A00F5AAC2 /* APViewController.m */,
				C6D010DA293DC9CE003674C9 /* remote.db */,
				C6C5288C291CFC92003F24C1 /* config.h */,
				C6C52858291B7DD1003F24C1 /* LaunchScreen.storyboard */,
				C6C52856291B7DD1003F24C1 /* Assets.xcassets */,
				C6C5285B291B7DD1003F24C1 /* Info.plist */,
				C6C5285C291B7DD1003F24C1 /* main.m */,
				C6C52853291B7DCF003F24C1 /* appiot.xcdatamodeld */,
				C6C52887291CFBA4003F24C1 /* base */,
			);
			path = appiot;
			sourceTree = "<group>";
		};
		C6C52865291B7DD1003F24C1 /* appiotTests */ = {
			isa = PBXGroup;
			children = (
				C6C52866291B7DD1003F24C1 /* appiotTests.m */,
			);
			path = appiotTests;
			sourceTree = "<group>";
		};
		C6C5286F291B7DD1003F24C1 /* appiotUITests */ = {
			isa = PBXGroup;
			children = (
				C6C52870291B7DD1003F24C1 /* appiotUITests.m */,
				C6C52872291B7DD1003F24C1 /* appiotUITestsLaunchTests.m */,
			);
			path = appiotUITests;
			sourceTree = "<group>";
		};
		C6C5287F291CF1C9003F24C1 /* leftSide */ = {
			isa = PBXGroup;
			children = (
				C6C52882291CF299003F24C1 /* model */,
				C6C52881291CF28B003F24C1 /* view */,
			);
			name = leftSide;
			sourceTree = "<group>";
		};
		C6C52881291CF28B003F24C1 /* view */ = {
			isa = PBXGroup;
			children = (
				C6CA8BAD29220C6E00F5AAC2 /* APLeftView.h */,
				C6CA8BAE29220C6E00F5AAC2 /* APLeftView.m */,
				C63C822D2923370300DBB3F6 /* APLeftPageButton.h */,
				C63C822E2923370300DBB3F6 /* APLeftPageButton.m */,
				C63C82372924B48400DBB3F6 /* APGroupView.h */,
				C63C82382924B48400DBB3F6 /* APGroupView.m */,
				C63C823E2924EC5100DBB3F6 /* APBottomButton.h */,
				C63C823F2924EC5100DBB3F6 /* APBottomButton.m */,
				C63C82442925DD1200DBB3F6 /* APGroupTableView.h */,
				C63C82452925DD1200DBB3F6 /* APGroupTableView.m */,
				C63C82472925FF5500DBB3F6 /* APGroupCell.h */,
				C63C82482925FF5500DBB3F6 /* APGroupCell.m */,
				C6D010D7293D855E003674C9 /* APNewDeviceView.h */,
				C6D010D8293D855E003674C9 /* APNewDeviceView.m */,
			);
			name = view;
			sourceTree = "<group>";
		};
		C6C52882291CF299003F24C1 /* model */ = {
			isa = PBXGroup;
			children = (
				C63C82412925DAF100DBB3F6 /* APGroupNote.h */,
				C63C82422925DAF100DBB3F6 /* APGroupNote.m */,
				C6D010DC293DCB61003674C9 /* APDevModel.h */,
				C6D010DD293DCB61003674C9 /* APDevModel.m */,
			);
			name = model;
			sourceTree = "<group>";
		};
		C6C52887291CFBA4003F24C1 /* base */ = {
			isa = PBXGroup;
			children = (
				C6C52889291CFC05003F24C1 /* APBaseViewController.h */,
				C6C5288A291CFC05003F24C1 /* APBaseViewController.m */,
				C6CA8BBB292233B700F5AAC2 /* APBaseView.h */,
				C6CA8BBC292233B700F5AAC2 /* APBaseView.m */,
			);
			name = base;
			sourceTree = "<group>";
		};
		C6CA8BA3291E32CF00F5AAC2 /* centerDisplay */ = {
			isa = PBXGroup;
			children = (
				C6CA8BB829222F8700F5AAC2 /* APCenterView.h */,
				C6CA8BB929222F8700F5AAC2 /* APCenterView.m */,
				C63C82302923675D00DBB3F6 /* comandView */,
				C63306AE292DC4D20057DA83 /* monitorView */,
			);
			name = centerDisplay;
			sourceTree = "<group>";
		};
/* End PBXGroup section */

/* Begin PBXNativeTarget section */
		C6C52843291B7DCF003F24C1 /* appiot */ = {
			isa = PBXNativeTarget;
			buildConfigurationList = C6C52876291B7DD1003F24C1 /* Build configuration list for PBXNativeTarget "appiot" */;
			buildPhases = (
				1F5493D53696AA301FD41039 /* [CP] Check Pods Manifest.lock */,
				C6C52840291B7DCF003F24C1 /* Sources */,
				C6C52841291B7DCF003F24C1 /* Frameworks */,
				C6C52842291B7DCF003F24C1 /* Resources */,
				20C8A636AAB434B5555A2938 /* [CP] Embed Pods Frameworks */,
			);
			buildRules = (
			);
			dependencies = (
			);
			name = appiot;
			productName = appiot;
			productReference = C6C52844291B7DCF003F24C1 /* appiot.app */;
			productType = "com.apple.product-type.application";
		};
		C6C52861291B7DD1003F24C1 /* appiotTests */ = {
			isa = PBXNativeTarget;
			buildConfigurationList = C6C52879291B7DD1003F24C1 /* Build configuration list for PBXNativeTarget "appiotTests" */;
			buildPhases = (
				527166C65E46E77D24696D08 /* [CP] Check Pods Manifest.lock */,
				C6C5285E291B7DD1003F24C1 /* Sources */,
				C6C5285F291B7DD1003F24C1 /* Frameworks */,
				C6C52860291B7DD1003F24C1 /* Resources */,
			);
			buildRules = (
			);
			dependencies = (
				C6C52864291B7DD1003F24C1 /* PBXTargetDependency */,
			);
			name = appiotTests;
			productName = appiotTests;
			productReference = C6C52862291B7DD1003F24C1 /* appiotTests.xctest */;
			productType = "com.apple.product-type.bundle.unit-test";
		};
		C6C5286B291B7DD1003F24C1 /* appiotUITests */ = {
			isa = PBXNativeTarget;
			buildConfigurationList = C6C5287C291B7DD1003F24C1 /* Build configuration list for PBXNativeTarget "appiotUITests" */;
			buildPhases = (
				AB3801F91DA3B40101BB73E3 /* [CP] Check Pods Manifest.lock */,
				C6C52868291B7DD1003F24C1 /* Sources */,
				C6C52869291B7DD1003F24C1 /* Frameworks */,
				C6C5286A291B7DD1003F24C1 /* Resources */,
				5A1E018FEC49CC9E1302A321 /* [CP] Embed Pods Frameworks */,
			);
			buildRules = (
			);
			dependencies = (
				C6C5286E291B7DD1003F24C1 /* PBXTargetDependency */,
			);
			name = appiotUITests;
			productName = appiotUITests;
			productReference = C6C5286C291B7DD1003F24C1 /* appiotUITests.xctest */;
			productType = "com.apple.product-type.bundle.ui-testing";
		};
/* End PBXNativeTarget section */

/* Begin PBXProject section */
		C6C5283C291B7DCF003F24C1 /* Project object */ = {
			isa = PBXProject;
			attributes = {
				BuildIndependentTargetsInParallel = 1;
				CLASSPREFIX = AP;
				LastUpgradeCheck = 1410;
				TargetAttributes = {
					C6C52843291B7DCF003F24C1 = {
						CreatedOnToolsVersion = 14.1;
					};
					C6C52861291B7DD1003F24C1 = {
						CreatedOnToolsVersion = 14.1;
						TestTargetID = C6C52843291B7DCF003F24C1;
					};
					C6C5286B291B7DD1003F24C1 = {
						CreatedOnToolsVersion = 14.1;
						TestTargetID = C6C52843291B7DCF003F24C1;
					};
				};
			};
			buildConfigurationList = C6C5283F291B7DCF003F24C1 /* Build configuration list for PBXProject "appiot" */;
			compatibilityVersion = "Xcode 14.0";
			developmentRegion = en;
			hasScannedForEncodings = 0;
			knownRegions = (
				en,
				Base,
			);
			mainGroup = C6C5283B291B7DCF003F24C1;
			productRefGroup = C6C52845291B7DCF003F24C1 /* Products */;
			projectDirPath = "";
			projectRoot = "";
			targets = (
				C6C52843291B7DCF003F24C1 /* appiot */,
				C6C52861291B7DD1003F24C1 /* appiotTests */,
				C6C5286B291B7DD1003F24C1 /* appiotUITests */,
			);
		};
/* End PBXProject section */

/* Begin PBXResourcesBuildPhase section */
		C6C52842291B7DCF003F24C1 /* Resources */ = {
			isa = PBXResourcesBuildPhase;
			buildActionMask = 2147483647;
			files = (
				C6C5285A291B7DD1003F24C1 /* LaunchScreen.storyboard in Resources */,
				C6D010DB293DC9CE003674C9 /* remote.db in Resources */,
				C6C52857291B7DD1003F24C1 /* Assets.xcassets in Resources */,
			);
			runOnlyForDeploymentPostprocessing = 0;
		};
		C6C52860291B7DD1003F24C1 /* Resources */ = {
			isa = PBXResourcesBuildPhase;
			buildActionMask = 2147483647;
			files = (
			);
			runOnlyForDeploymentPostprocessing = 0;
		};
		C6C5286A291B7DD1003F24C1 /* Resources */ = {
			isa = PBXResourcesBuildPhase;
			buildActionMask = 2147483647;
			files = (
			);
			runOnlyForDeploymentPostprocessing = 0;
		};
/* End PBXResourcesBuildPhase section */

/* Begin PBXShellScriptBuildPhase section */
		1F5493D53696AA301FD41039 /* [CP] Check Pods Manifest.lock */ = {
			isa = PBXShellScriptBuildPhase;
			buildActionMask = 2147483647;
			files = (
			);
			inputFileListPaths = (
			);
			inputPaths = (
				"${PODS_PODFILE_DIR_PATH}/Podfile.lock",
				"${PODS_ROOT}/Manifest.lock",
			);
			name = "[CP] Check Pods Manifest.lock";
			outputFileListPaths = (
			);
			outputPaths = (
				"$(DERIVED_FILE_DIR)/Pods-appiot-checkManifestLockResult.txt",
			);
			runOnlyForDeploymentPostprocessing = 0;
			shellPath = /bin/sh;
			shellScript = "diff \"${PODS_PODFILE_DIR_PATH}/Podfile.lock\" \"${PODS_ROOT}/Manifest.lock\" > /dev/null\nif [ $? != 0 ] ; then\n    # print error to STDERR\n    echo \"error: The sandbox is not in sync with the Podfile.lock. Run 'pod install' or update your CocoaPods installation.\" >&2\n    exit 1\nfi\n# This output is used by Xcode 'outputs' to avoid re-running this script phase.\necho \"SUCCESS\" > \"${SCRIPT_OUTPUT_FILE_0}\"\n";
			showEnvVarsInLog = 0;
		};
		20C8A636AAB434B5555A2938 /* [CP] Embed Pods Frameworks */ = {
			isa = PBXShellScriptBuildPhase;
			buildActionMask = 2147483647;
			files = (
			);
			inputFileListPaths = (
				"${PODS_ROOT}/Target Support Files/Pods-appiot/Pods-appiot-frameworks-${CONFIGURATION}-input-files.xcfilelist",
			);
			name = "[CP] Embed Pods Frameworks";
			outputFileListPaths = (
				"${PODS_ROOT}/Target Support Files/Pods-appiot/Pods-appiot-frameworks-${CONFIGURATION}-output-files.xcfilelist",
			);
			runOnlyForDeploymentPostprocessing = 0;
			shellPath = /bin/sh;
			shellScript = "\"${PODS_ROOT}/Target Support Files/Pods-appiot/Pods-appiot-frameworks.sh\"\n";
			showEnvVarsInLog = 0;
		};
		527166C65E46E77D24696D08 /* [CP] Check Pods Manifest.lock */ = {
			isa = PBXShellScriptBuildPhase;
			buildActionMask = 2147483647;
			files = (
			);
			inputFileListPaths = (
			);
			inputPaths = (
				"${PODS_PODFILE_DIR_PATH}/Podfile.lock",
				"${PODS_ROOT}/Manifest.lock",
			);
			name = "[CP] Check Pods Manifest.lock";
			outputFileListPaths = (
			);
			outputPaths = (
				"$(DERIVED_FILE_DIR)/Pods-appiotTests-checkManifestLockResult.txt",
			);
			runOnlyForDeploymentPostprocessing = 0;
			shellPath = /bin/sh;
			shellScript = "diff \"${PODS_PODFILE_DIR_PATH}/Podfile.lock\" \"${PODS_ROOT}/Manifest.lock\" > /dev/null\nif [ $? != 0 ] ; then\n    # print error to STDERR\n    echo \"error: The sandbox is not in sync with the Podfile.lock. Run 'pod install' or update your CocoaPods installation.\" >&2\n    exit 1\nfi\n# This output is used by Xcode 'outputs' to avoid re-running this script phase.\necho \"SUCCESS\" > \"${SCRIPT_OUTPUT_FILE_0}\"\n";
			showEnvVarsInLog = 0;
		};
		5A1E018FEC49CC9E1302A321 /* [CP] Embed Pods Frameworks */ = {
			isa = PBXShellScriptBuildPhase;
			buildActionMask = 2147483647;
			files = (
			);
			inputFileListPaths = (
				"${PODS_ROOT}/Target Support Files/Pods-appiot-appiotUITests/Pods-appiot-appiotUITests-frameworks-${CONFIGURATION}-input-files.xcfilelist",
			);
			name = "[CP] Embed Pods Frameworks";
			outputFileListPaths = (
				"${PODS_ROOT}/Target Support Files/Pods-appiot-appiotUITests/Pods-appiot-appiotUITests-frameworks-${CONFIGURATION}-output-files.xcfilelist",
			);
			runOnlyForDeploymentPostprocessing = 0;
			shellPath = /bin/sh;
			shellScript = "\"${PODS_ROOT}/Target Support Files/Pods-appiot-appiotUITests/Pods-appiot-appiotUITests-frameworks.sh\"\n";
			showEnvVarsInLog = 0;
		};
		AB3801F91DA3B40101BB73E3 /* [CP] Check Pods Manifest.lock */ = {
			isa = PBXShellScriptBuildPhase;
			buildActionMask = 2147483647;
			files = (
			);
			inputFileListPaths = (
			);
			inputPaths = (
				"${PODS_PODFILE_DIR_PATH}/Podfile.lock",
				"${PODS_ROOT}/Manifest.lock",
			);
			name = "[CP] Check Pods Manifest.lock";
			outputFileListPaths = (
			);
			outputPaths = (
				"$(DERIVED_FILE_DIR)/Pods-appiot-appiotUITests-checkManifestLockResult.txt",
			);
			runOnlyForDeploymentPostprocessing = 0;
			shellPath = /bin/sh;
			shellScript = "diff \"${PODS_PODFILE_DIR_PATH}/Podfile.lock\" \"${PODS_ROOT}/Manifest.lock\" > /dev/null\nif [ $? != 0 ] ; then\n    # print error to STDERR\n    echo \"error: The sandbox is not in sync with the Podfile.lock. Run 'pod install' or update your CocoaPods installation.\" >&2\n    exit 1\nfi\n# This output is used by Xcode 'outputs' to avoid re-running this script phase.\necho \"SUCCESS\" > \"${SCRIPT_OUTPUT_FILE_0}\"\n";
			showEnvVarsInLog = 0;
		};
/* End PBXShellScriptBuildPhase section */

/* Begin PBXSourcesBuildPhase section */
		C6C52840291B7DCF003F24C1 /* Sources */ = {
			isa = PBXSourcesBuildPhase;
			buildActionMask = 2147483647;
			files = (
				C63C822F2923370300DBB3F6 /* APLeftPageButton.m in Sources */,
				C6CA8BB329220E1A00F5AAC2 /* APViewController.m in Sources */,
				C63C823629238B7400DBB3F6 /* APMonitorItem.m in Sources */,
				C6C5285D291B7DD1003F24C1 /* main.m in Sources */,
				C63306BB292DE85B0057DA83 /* APMonitorModel.m in Sources */,
				C63C82462925DD1200DBB3F6 /* APGroupTableView.m in Sources */,
				C63306AD292B45B10057DA83 /* APUdpSocket.m in Sources */,
				C63C82392924B48400DBB3F6 /* APGroupView.m in Sources */,
				C6C52855291B7DCF003F24C1 /* appiot.xcdatamodeld in Sources */,
				C63306CF2935A88B0057DA83 /* APTcpSocket.m in Sources */,
				C6D010DE293DCB61003674C9 /* APDevModel.m in Sources */,
				C6C52849291B7DCF003F24C1 /* AppDelegate.m in Sources */,
				C63306C8293059DF0057DA83 /* APDatabaseTool.m in Sources */,
				C6D010D9293D855E003674C9 /* APNewDeviceView.m in Sources */,
				C63306BE292DE8D80057DA83 /* APTool.m in Sources */,
				C63306B1292DC52E0057DA83 /* APMonitorView.m in Sources */,
				C6CA8BAF29220C6E00F5AAC2 /* APLeftView.m in Sources */,
				C6CA8BBA29222F8700F5AAC2 /* APCenterView.m in Sources */,
				C63C82402924EC5100DBB3F6 /* APBottomButton.m in Sources */,
				C63C82492925FF5500DBB3F6 /* APGroupCell.m in Sources */,
				C6C5288B291CFC05003F24C1 /* APBaseViewController.m in Sources */,
				C63C82432925DAF100DBB3F6 /* APGroupNote.m in Sources */,
				C63C8233292367AE00DBB3F6 /* APComandButton.m in Sources */,
				C6CA8BBD292233B700F5AAC2 /* APBaseView.m in Sources */,
				C6CA8BC02922345800F5AAC2 /* APCommandView.m in Sources */,
				C63306B4292DCF050057DA83 /* APMonitorCell.m in Sources */,
			);
			runOnlyForDeploymentPostprocessing = 0;
		};
		C6C5285E291B7DD1003F24C1 /* Sources */ = {
			isa = PBXSourcesBuildPhase;
			buildActionMask = 2147483647;
			files = (
				C6C52867291B7DD1003F24C1 /* appiotTests.m in Sources */,
			);
			runOnlyForDeploymentPostprocessing = 0;
		};
		C6C52868291B7DD1003F24C1 /* Sources */ = {
			isa = PBXSourcesBuildPhase;
			buildActionMask = 2147483647;
			files = (
				C6C52871291B7DD1003F24C1 /* appiotUITests.m in Sources */,
				C6C52873291B7DD1003F24C1 /* appiotUITestsLaunchTests.m in Sources */,
			);
			runOnlyForDeploymentPostprocessing = 0;
		};
/* End PBXSourcesBuildPhase section */

/* Begin PBXTargetDependency section */
		C6C52864291B7DD1003F24C1 /* PBXTargetDependency */ = {
			isa = PBXTargetDependency;
			target = C6C52843291B7DCF003F24C1 /* appiot */;
			targetProxy = C6C52863291B7DD1003F24C1 /* PBXContainerItemProxy */;
		};
		C6C5286E291B7DD1003F24C1 /* PBXTargetDependency */ = {
			isa = PBXTargetDependency;
			target = C6C52843291B7DCF003F24C1 /* appiot */;
			targetProxy = C6C5286D291B7DD1003F24C1 /* PBXContainerItemProxy */;
		};
/* End PBXTargetDependency section */

/* Begin PBXVariantGroup section */
		C6C52858291B7DD1003F24C1 /* LaunchScreen.storyboard */ = {
			isa = PBXVariantGroup;
			children = (
				C6C52859291B7DD1003F24C1 /* Base */,
			);
			name = LaunchScreen.storyboard;
			sourceTree = "<group>";
		};
/* End PBXVariantGroup section */

/* Begin XCBuildConfiguration section */
		C6C52874291B7DD1003F24C1 /* Debug */ = {
			isa = XCBuildConfiguration;
			buildSettings = {
				ALWAYS_SEARCH_USER_PATHS = NO;
				CLANG_ANALYZER_NONNULL = YES;
				CLANG_ANALYZER_NUMBER_OBJECT_CONVERSION = YES_AGGRESSIVE;
				CLANG_CXX_LANGUAGE_STANDARD = "gnu++20";
				CLANG_ENABLE_MODULES = YES;
				CLANG_ENABLE_OBJC_ARC = YES;
				CLANG_ENABLE_OBJC_WEAK = YES;
				CLANG_WARN_BLOCK_CAPTURE_AUTORELEASING = YES;
				CLANG_WARN_BOOL_CONVERSION = YES;
				CLANG_WARN_COMMA = YES;
				CLANG_WARN_CONSTANT_CONVERSION = YES;
				CLANG_WARN_DEPRECATED_OBJC_IMPLEMENTATIONS = YES;
				CLANG_WARN_DIRECT_OBJC_ISA_USAGE = YES_ERROR;
				CLANG_WARN_DOCUMENTATION_COMMENTS = YES;
				CLANG_WARN_EMPTY_BODY = YES;
				CLANG_WARN_ENUM_CONVERSION = YES;
				CLANG_WARN_INFINITE_RECURSION = YES;
				CLANG_WARN_INT_CONVERSION = YES;
				CLANG_WARN_NON_LITERAL_NULL_CONVERSION = YES;
				CLANG_WARN_OBJC_IMPLICIT_RETAIN_SELF = YES;
				CLANG_WARN_OBJC_LITERAL_CONVERSION = YES;
				CLANG_WARN_OBJC_ROOT_CLASS = YES_ERROR;
				CLANG_WARN_QUOTED_INCLUDE_IN_FRAMEWORK_HEADER = YES;
				CLANG_WARN_RANGE_LOOP_ANALYSIS = YES;
				CLANG_WARN_STRICT_PROTOTYPES = YES;
				CLANG_WARN_SUSPICIOUS_MOVE = YES;
				CLANG_WARN_UNGUARDED_AVAILABILITY = YES_AGGRESSIVE;
				CLANG_WARN_UNREACHABLE_CODE = YES;
				CLANG_WARN__DUPLICATE_METHOD_MATCH = YES;
				COPY_PHASE_STRIP = NO;
				DEBUG_INFORMATION_FORMAT = dwarf;
				ENABLE_STRICT_OBJC_MSGSEND = YES;
				ENABLE_TESTABILITY = YES;
				GCC_C_LANGUAGE_STANDARD = gnu11;
				GCC_DYNAMIC_NO_PIC = NO;
				GCC_NO_COMMON_BLOCKS = YES;
				GCC_OPTIMIZATION_LEVEL = 0;
				GCC_PREPROCESSOR_DEFINITIONS = (
					"DEBUG=1",
					"$(inherited)",
				);
				GCC_WARN_64_TO_32_BIT_CONVERSION = YES;
				GCC_WARN_ABOUT_RETURN_TYPE = YES_ERROR;
				GCC_WARN_UNDECLARED_SELECTOR = YES;
				GCC_WARN_UNINITIALIZED_AUTOS = YES_AGGRESSIVE;
				GCC_WARN_UNUSED_FUNCTION = YES;
				GCC_WARN_UNUSED_VARIABLE = YES;
				IPHONEOS_DEPLOYMENT_TARGET = 16.1;
				MTL_ENABLE_DEBUG_INFO = INCLUDE_SOURCE;
				MTL_FAST_MATH = YES;
				ONLY_ACTIVE_ARCH = YES;
				SDKROOT = iphoneos;
			};
			name = Debug;
		};
		C6C52875291B7DD1003F24C1 /* Release */ = {
			isa = XCBuildConfiguration;
			buildSettings = {
				ALWAYS_SEARCH_USER_PATHS = NO;
				CLANG_ANALYZER_NONNULL = YES;
				CLANG_ANALYZER_NUMBER_OBJECT_CONVERSION = YES_AGGRESSIVE;
				CLANG_CXX_LANGUAGE_STANDARD = "gnu++20";
				CLANG_ENABLE_MODULES = YES;
				CLANG_ENABLE_OBJC_ARC = YES;
				CLANG_ENABLE_OBJC_WEAK = YES;
				CLANG_WARN_BLOCK_CAPTURE_AUTORELEASING = YES;
				CLANG_WARN_BOOL_CONVERSION = YES;
				CLANG_WARN_COMMA = YES;
				CLANG_WARN_CONSTANT_CONVERSION = YES;
				CLANG_WARN_DEPRECATED_OBJC_IMPLEMENTATIONS = YES;
				CLANG_WARN_DIRECT_OBJC_ISA_USAGE = YES_ERROR;
				CLANG_WARN_DOCUMENTATION_COMMENTS = YES;
				CLANG_WARN_EMPTY_BODY = YES;
				CLANG_WARN_ENUM_CONVERSION = YES;
				CLANG_WARN_INFINITE_RECURSION = YES;
				CLANG_WARN_INT_CONVERSION = YES;
				CLANG_WARN_NON_LITERAL_NULL_CONVERSION = YES;
				CLANG_WARN_OBJC_IMPLICIT_RETAIN_SELF = YES;
				CLANG_WARN_OBJC_LITERAL_CONVERSION = YES;
				CLANG_WARN_OBJC_ROOT_CLASS = YES_ERROR;
				CLANG_WARN_QUOTED_INCLUDE_IN_FRAMEWORK_HEADER = YES;
				CLANG_WARN_RANGE_LOOP_ANALYSIS = YES;
				CLANG_WARN_STRICT_PROTOTYPES = YES;
				CLANG_WARN_SUSPICIOUS_MOVE = YES;
				CLANG_WARN_UNGUARDED_AVAILABILITY = YES_AGGRESSIVE;
				CLANG_WARN_UNREACHABLE_CODE = YES;
				CLANG_WARN__DUPLICATE_METHOD_MATCH = YES;
				COPY_PHASE_STRIP = NO;
				DEBUG_INFORMATION_FORMAT = "dwarf-with-dsym";
				ENABLE_NS_ASSERTIONS = NO;
				ENABLE_STRICT_OBJC_MSGSEND = YES;
				GCC_C_LANGUAGE_STANDARD = gnu11;
				GCC_NO_COMMON_BLOCKS = YES;
				GCC_WARN_64_TO_32_BIT_CONVERSION = YES;
				GCC_WARN_ABOUT_RETURN_TYPE = YES_ERROR;
				GCC_WARN_UNDECLARED_SELECTOR = YES;
				GCC_WARN_UNINITIALIZED_AUTOS = YES_AGGRESSIVE;
				GCC_WARN_UNUSED_FUNCTION = YES;
				GCC_WARN_UNUSED_VARIABLE = YES;
				IPHONEOS_DEPLOYMENT_TARGET = 16.1;
				MTL_ENABLE_DEBUG_INFO = NO;
				MTL_FAST_MATH = YES;
				SDKROOT = iphoneos;
				VALIDATE_PRODUCT = YES;
			};
			name = Release;
		};
		C6C52877291B7DD1003F24C1 /* Debug */ = {
			isa = XCBuildConfiguration;
			baseConfigurationReference = 4EE84CFA315114FB0FFF6FC6 /* Pods-appiot.debug.xcconfig */;
			buildSettings = {
				ASSETCATALOG_COMPILER_APPICON_NAME = AppIcon;
				ASSETCATALOG_COMPILER_GLOBAL_ACCENT_COLOR_NAME = AccentColor;
				CODE_SIGN_STYLE = Automatic;
				CURRENT_PROJECT_VERSION = 1;
				DEVELOPMENT_TEAM = 8X79G5XCU6;
				GENERATE_INFOPLIST_FILE = YES;
				INFOPLIST_FILE = appiot/Info.plist;
				INFOPLIST_KEY_UIApplicationSupportsIndirectInputEvents = YES;
				INFOPLIST_KEY_UILaunchStoryboardName = LaunchScreen;
				INFOPLIST_KEY_UIStatusBarStyle = "";
				INFOPLIST_KEY_UISupportedInterfaceOrientations = "UIInterfaceOrientationLandscapeLeft UIInterfaceOrientationLandscapeRight UIInterfaceOrientationPortrait";
				INFOPLIST_KEY_UISupportedInterfaceOrientations_iPad = "UIInterfaceOrientationLandscapeLeft UIInterfaceOrientationLandscapeRight";
				IPHONEOS_DEPLOYMENT_TARGET = 14.7;
				LD_RUNPATH_SEARCH_PATHS = (
					"$(inherited)",
					"@executable_path/Frameworks",
				);
				MARKETING_VERSION = 1.0;
				PRODUCT_BUNDLE_IDENTIFIER = appiot.appiot;
				PRODUCT_NAME = "$(TARGET_NAME)";
				SWIFT_EMIT_LOC_STRINGS = YES;
				TARGETED_DEVICE_FAMILY = "1,2";
			};
			name = Debug;
		};
		C6C52878291B7DD1003F24C1 /* Release */ = {
			isa = XCBuildConfiguration;
			baseConfigurationReference = 5CF051B17076407F0B791D39 /* Pods-appiot.release.xcconfig */;
			buildSettings = {
				ASSETCATALOG_COMPILER_APPICON_NAME = AppIcon;
				ASSETCATALOG_COMPILER_GLOBAL_ACCENT_COLOR_NAME = AccentColor;
				CODE_SIGN_STYLE = Automatic;
				CURRENT_PROJECT_VERSION = 1;
				DEVELOPMENT_TEAM = 8X79G5XCU6;
				GENERATE_INFOPLIST_FILE = YES;
				INFOPLIST_FILE = appiot/Info.plist;
				INFOPLIST_KEY_UIApplicationSupportsIndirectInputEvents = YES;
				INFOPLIST_KEY_UILaunchStoryboardName = LaunchScreen;
				INFOPLIST_KEY_UIStatusBarStyle = "";
				INFOPLIST_KEY_UISupportedInterfaceOrientations = "UIInterfaceOrientationLandscapeLeft UIInterfaceOrientationLandscapeRight UIInterfaceOrientationPortrait";
				INFOPLIST_KEY_UISupportedInterfaceOrientations_iPad = "UIInterfaceOrientationLandscapeLeft UIInterfaceOrientationLandscapeRight";
				IPHONEOS_DEPLOYMENT_TARGET = 14.7;
				LD_RUNPATH_SEARCH_PATHS = (
					"$(inherited)",
					"@executable_path/Frameworks",
				);
				MARKETING_VERSION = 1.0;
				PRODUCT_BUNDLE_IDENTIFIER = appiot.appiot;
				PRODUCT_NAME = "$(TARGET_NAME)";
				SWIFT_EMIT_LOC_STRINGS = YES;
				TARGETED_DEVICE_FAMILY = "1,2";
			};
			name = Release;
		};
		C6C5287A291B7DD1003F24C1 /* Debug */ = {
			isa = XCBuildConfiguration;
			baseConfigurationReference = 490F13F332A00CD28CB11931 /* Pods-appiotTests.debug.xcconfig */;
			buildSettings = {
				BUNDLE_LOADER = "$(TEST_HOST)";
				CODE_SIGN_STYLE = Automatic;
				CURRENT_PROJECT_VERSION = 1;
				GENERATE_INFOPLIST_FILE = YES;
				IPHONEOS_DEPLOYMENT_TARGET = 16.1;
				MARKETING_VERSION = 1.0;
				PRODUCT_BUNDLE_IDENTIFIER = appiot.appiotTests;
				PRODUCT_NAME = "$(TARGET_NAME)";
				SWIFT_EMIT_LOC_STRINGS = NO;
				TARGETED_DEVICE_FAMILY = "1,2";
				TEST_HOST = "$(BUILT_PRODUCTS_DIR)/appiot.app/$(BUNDLE_EXECUTABLE_FOLDER_PATH)/appiot";
			};
			name = Debug;
		};
		C6C5287B291B7DD1003F24C1 /* Release */ = {
			isa = XCBuildConfiguration;
			baseConfigurationReference = 644B49A8FE44A693FA09879F /* Pods-appiotTests.release.xcconfig */;
			buildSettings = {
				BUNDLE_LOADER = "$(TEST_HOST)";
				CODE_SIGN_STYLE = Automatic;
				CURRENT_PROJECT_VERSION = 1;
				GENERATE_INFOPLIST_FILE = YES;
				IPHONEOS_DEPLOYMENT_TARGET = 16.1;
				MARKETING_VERSION = 1.0;
				PRODUCT_BUNDLE_IDENTIFIER = appiot.appiotTests;
				PRODUCT_NAME = "$(TARGET_NAME)";
				SWIFT_EMIT_LOC_STRINGS = NO;
				TARGETED_DEVICE_FAMILY = "1,2";
				TEST_HOST = "$(BUILT_PRODUCTS_DIR)/appiot.app/$(BUNDLE_EXECUTABLE_FOLDER_PATH)/appiot";
			};
			name = Release;
		};
		C6C5287D291B7DD1003F24C1 /* Debug */ = {
			isa = XCBuildConfiguration;
			baseConfigurationReference = 4BBEC22955F1229C6E95007C /* Pods-appiot-appiotUITests.debug.xcconfig */;
			buildSettings = {
				CODE_SIGN_STYLE = Automatic;
				CURRENT_PROJECT_VERSION = 1;
				GENERATE_INFOPLIST_FILE = YES;
				MARKETING_VERSION = 1.0;
				PRODUCT_BUNDLE_IDENTIFIER = appiot.appiotUITests;
				PRODUCT_NAME = "$(TARGET_NAME)";
				SWIFT_EMIT_LOC_STRINGS = NO;
				TARGETED_DEVICE_FAMILY = "1,2";
				TEST_TARGET_NAME = appiot;
			};
			name = Debug;
		};
		C6C5287E291B7DD1003F24C1 /* Release */ = {
			isa = XCBuildConfiguration;
			baseConfigurationReference = 9D0090A53439C57A65DEA501 /* Pods-appiot-appiotUITests.release.xcconfig */;
			buildSettings = {
				CODE_SIGN_STYLE = Automatic;
				CURRENT_PROJECT_VERSION = 1;
				GENERATE_INFOPLIST_FILE = YES;
				MARKETING_VERSION = 1.0;
				PRODUCT_BUNDLE_IDENTIFIER = appiot.appiotUITests;
				PRODUCT_NAME = "$(TARGET_NAME)";
				SWIFT_EMIT_LOC_STRINGS = NO;
				TARGETED_DEVICE_FAMILY = "1,2";
				TEST_TARGET_NAME = appiot;
			};
			name = Release;
		};
/* End XCBuildConfiguration section */

/* Begin XCConfigurationList section */
		C6C5283F291B7DCF003F24C1 /* Build configuration list for PBXProject "appiot" */ = {
			isa = XCConfigurationList;
			buildConfigurations = (
				C6C52874291B7DD1003F24C1 /* Debug */,
				C6C52875291B7DD1003F24C1 /* Release */,
			);
			defaultConfigurationIsVisible = 0;
			defaultConfigurationName = Release;
		};
		C6C52876291B7DD1003F24C1 /* Build configuration list for PBXNativeTarget "appiot" */ = {
			isa = XCConfigurationList;
			buildConfigurations = (
				C6C52877291B7DD1003F24C1 /* Debug */,
				C6C52878291B7DD1003F24C1 /* Release */,
			);
			defaultConfigurationIsVisible = 0;
			defaultConfigurationName = Release;
		};
		C6C52879291B7DD1003F24C1 /* Build configuration list for PBXNativeTarget "appiotTests" */ = {
			isa = XCConfigurationList;
			buildConfigurations = (
				C6C5287A291B7DD1003F24C1 /* Debug */,
				C6C5287B291B7DD1003F24C1 /* Release */,
			);
			defaultConfigurationIsVisible = 0;
			defaultConfigurationName = Release;
		};
		C6C5287C291B7DD1003F24C1 /* Build configuration list for PBXNativeTarget "appiotUITests" */ = {
			isa = XCConfigurationList;
			buildConfigurations = (
				C6C5287D291B7DD1003F24C1 /* Debug */,
				C6C5287E291B7DD1003F24C1 /* Release */,
			);
			defaultConfigurationIsVisible = 0;
			defaultConfigurationName = Release;
		};
/* End XCConfigurationList section */

/* Begin XCVersionGroup section */
		C6C52853291B7DCF003F24C1 /* appiot.xcdatamodeld */ = {
			isa = XCVersionGroup;
			children = (
				C6C52854291B7DCF003F24C1 /* appiot.xcdatamodel */,
			);
			currentVersion = C6C52854291B7DCF003F24C1 /* appiot.xcdatamodel */;
			path = appiot.xcdatamodeld;
			sourceTree = "<group>";
			versionGroupType = wrapper.xcdatamodel;
		};
/* End XCVersionGroup section */
	};
	rootObject = C6C5283C291B7DCF003F24C1 /* Project object */;
}
